
Microsoft Visual Studio Solution File, Format Version 12.00
# Visual Studio Version 16
VisualStudioVersion = 16.0.37206.5
MinimumVisualStudioVersion = 10.0.40219.1
Project("{FAE04EC0-301F-11D3-BF4B-00C04F79EFBC}") = "Gestor de Veterinaria", "Diego Herrera - Prueba 2\Gestor de Veterinaria.csproj", "{7E59DFC4-7ECD-4504-864F-912B78CBFA4C}"
EndProject
Global
	GlobalSection(SolutionConfigurationPlatforms) = preSolution
		Debug|Any CPU = Debug|Any CPU
		Release|Any CPU = Release|Any CPU
	EndGlobalSection
	GlobalSection(ProjectConfigurationPlatforms) = postSolution
		{7E59DFC4-7ECD-4504-864F-912B78CBFA4C}.Debug|Any CPU.ActiveCfg = Debug|Any CPU
		{7E59DFC4-7ECD-4504-864F-912B78CBFA4C}.Debug|Any CPU.Build.0 = Debug|Any CPU
		{7E59DFC4-7ECD-4504-864F-912B78CBFA4C}.Release|Any CPU.ActiveCfg = Release|Any CPU
		{7E59DFC4-7ECD-4504-864F-912B78CBFA4C}.Release|Any CPU.Build.0 = Release|Any CPU
	EndGlobalSection
	GlobalSection(SolutionProperties) = preSolution
		HideSolutionNode = FALSE
	EndGlobalSection
	GlobalSection(ExtensibilityGlobals) = postSolution
		SolutionGuid = {2201B662-33B8-4199-BCF2-FB2992737711}
	EndGlobalSection
EndGlobal
